
Microsoft Visual Studio Solution File, Format Version 12.00
# Visual Studio Version 17
VisualStudioVersion = 17.14.36518.9 d17.14
MinimumVisualStudioVersion = 10.0.40219.1
Project("{FAE04EC0-301F-11D3-BF4B-00C04F79EFBC}") = "Task4_LibraryManagmentSystem", "Task4_LibraryManagmentSystem\Task4_LibraryManagmentSystem.csproj", "{0B361F30-EB8D-4A3C-BD72-F27091BF3967}"
EndProject
Global
	GlobalSection(SolutionConfigurationPlatforms) = preSolution
		Debug|Any CPU = Debug|Any CPU
		Release|Any CPU = Release|Any CPU
	EndGlobalSection
	GlobalSection(ProjectConfigurationPlatforms) = postSolution
		{0B361F30-EB8D-4A3C-BD72-F27091BF3967}.Debug|Any CPU.ActiveCfg = Debug|Any CPU
		{0B361F30-EB8D-4A3C-BD72-F27091BF3967}.Debug|Any CPU.Build.0 = Debug|Any CPU
		{0B361F30-EB8D-4A3C-BD72-F27091BF3967}.Release|Any CPU.ActiveCfg = Release|Any CPU
		{0B361F30-EB8D-4A3C-BD72-F27091BF3967}.Release|Any CPU.Build.0 = Release|Any CPU
	EndGlobalSection
	GlobalSection(SolutionProperties) = preSolution
		HideSolutionNode = FALSE
	EndGlobalSection
	GlobalSection(ExtensibilityGlobals) = postSolution
		SolutionGuid = {2817E1C1-E0C9-468C-AE2B-AC8A1F5F9525}
	EndGlobalSection
EndGlobal
